
Microsoft Visual Studio Solution File, Format Version 12.00
# Visual Studio Version 17
VisualStudioVersion = 17.9.34321.82
MinimumVisualStudioVersion = 10.0.40219.1
Project("{FAE04EC0-301F-11D3-BF4B-00C04F79EFBC}") = "INTTest", "INTTest.csproj", "{9EA6448C-2AD6-4C2D-8585-A54CC6281E5C}"
EndProject
Global
	GlobalSection(SolutionConfigurationPlatforms) = preSolution
		Debug|Any CPU = Debug|Any CPU
		Release|Any CPU = Release|Any CPU
	EndGlobalSection
	GlobalSection(ProjectConfigurationPlatforms) = postSolution
		{9EA6448C-2AD6-4C2D-8585-A54CC6281E5C}.Debug|Any CPU.ActiveCfg = Debug|Any CPU
		{9EA6448C-2AD6-4C2D-8585-A54CC6281E5C}.Debug|Any CPU.Build.0 = Debug|Any CPU
		{9EA6448C-2AD6-4C2D-8585-A54CC6281E5C}.Release|Any CPU.ActiveCfg = Release|Any CPU
		{9EA6448C-2AD6-4C2D-8585-A54CC6281E5C}.Release|Any CPU.Build.0 = Release|Any CPU
	EndGlobalSection
	GlobalSection(SolutionProperties) = preSolution
		HideSolutionNode = FALSE
	EndGlobalSection
	GlobalSection(ExtensibilityGlobals) = postSolution
		SolutionGuid = {7250EF16-8188-4992-B97B-112E65EC9E79}
	EndGlobalSection
EndGlobal
